
Microsoft Visual Studio Solution File, Format Version 12.00
# Visual Studio 15
VisualStudioVersion = 15.0.28010.2041
MinimumVisualStudioVersion = 10.0.40219.1
Project("{FAE04EC0-301F-11D3-BF4B-00C04F79EFBC}") = "CSharpFunctional", "CSharpFunctional\CSharpFunctional.csproj", "{518E6A51-2720-416D-BEF1-110A7C130BEB}"
EndProject
Project("{FAE04EC0-301F-11D3-BF4B-00C04F79EFBC}") = "Playground", "Playground\Playground.csproj", "{C7E31F90-395E-410B-9DF3-52E0C34FE997}"
EndProject
Global
	GlobalSection(SolutionConfigurationPlatforms) = preSolution
		Debug|Any CPU = Debug|Any CPU
		Release|Any CPU = Release|Any CPU
	EndGlobalSection
	GlobalSection(ProjectConfigurationPlatforms) = postSolution
		{518E6A51-2720-416D-BEF1-110A7C130BEB}.Debug|Any CPU.ActiveCfg = Debug|Any CPU
		{518E6A51-2720-416D-BEF1-110A7C130BEB}.Debug|Any CPU.Build.0 = Debug|Any CPU
		{518E6A51-2720-416D-BEF1-110A7C130BEB}.Release|Any CPU.ActiveCfg = Release|Any CPU
		{518E6A51-2720-416D-BEF1-110A7C130BEB}.Release|Any CPU.Build.0 = Release|Any CPU
		{C7E31F90-395E-410B-9DF3-52E0C34FE997}.Debug|Any CPU.ActiveCfg = Debug|Any CPU
		{C7E31F90-395E-410B-9DF3-52E0C34FE997}.Debug|Any CPU.Build.0 = Debug|Any CPU
		{C7E31F90-395E-410B-9DF3-52E0C34FE997}.Release|Any CPU.ActiveCfg = Release|Any CPU
		{C7E31F90-395E-410B-9DF3-52E0C34FE997}.Release|Any CPU.Build.0 = Release|Any CPU
	EndGlobalSection
	GlobalSection(SolutionProperties) = preSolution
		HideSolutionNode = FALSE
	EndGlobalSection
	GlobalSection(ExtensibilityGlobals) = postSolution
		SolutionGuid = {0D011CA3-8739-4460-93D3-F753684AE9EB}
	EndGlobalSection
EndGlobal
